// !$*UTF8*$!
{
	archiveVersion = 1;
	classes = {
	};
	objectVersion = 45;
	objects = {

		A4183AE5B363974A4E6A71EF = { isa = PBXBuildFile; fileRef = 4D98E37D4D0F1493FF614905; };
		F03C054846CEF26A66E4125D = { isa = PBXBuildFile; fileRef = 8CEE5373F330452FC0A00499; };
		4B6977B181F1988CF7D59E35 = { isa = PBXBuildFile; fileRef = 4E4976F6552886C2FCD8A6D5; };
		8BEC10C6C8285DE561014508 = { isa = PBXBuildFile; fileRef = FDA5760EDF6182DF59266C69; };
		0F8953B8300154CB34186B4F = { isa = PBXBuildFile; fileRef = 247FB4F6556D1D5F5AE63502; };
		1F6F86EB67620CA3080DD7B3 = { isa = PBXBuildFile; fileRef = BD4B9E6F3FE82F6340BCB84F; };
		556BB236495F6D7DAE484F6B = { isa = PBXBuildFile; fileRef = EEDDE3406043D1537F7829D9; };
		D3B492F7F619EA6BBD3FDE6F = { isa = PBXBuildFile; fileRef = A759866C5CDCCB788D992D0E; };
		141C0F8953B8300154CB3418 = { isa = PBXBuildFile; fileRef = 5C07ABB9974B84F79C7977A6; };
		DC0235F848F9474E83E75D63 = { isa = PBXBuildFile; fileRef = 509F12D5547DE040C3A88A66; };
		679178695DEE8F66D5279ABD = { isa = PBXBuildFile; fileRef = 03245B4936F49E95F05A22C2; };
		E304EAE054853F7A0483844E = { isa = PBXBuildFile; fileRef = 6D4FE1C77F6FA3B7A6C747B4; };
		009FE97483A7408385F8C98D = { isa = PBXBuildFile; fileRef = 5A32E266070655F3CD324F4F; };
		3CF26F0D4C4AF7DB70AB077B = { isa = PBXBuildFile; fileRef = 6CC87C320FFEAFEE3105D3D0; };
		7D2E2D84ADEC07B25576C3E8 = { isa = PBXBuildFile; fileRef = 29F5DF239CF1BBA9C7D3B3B7; };
		CB4EB82C00C8124D05ABF1E8 = { isa = PBXBuildFile; fileRef = 28B480D8C0B3E47306BCF0CF; };
		F381A264FFB3735F124DCC08 = { isa = PBXBuildFile; fileRef = 09F560364A06CFACBD9BFC00; };
		103721A3497746A0A3506F08 = { isa = PBXBuildFile; fileRef = 2A08623AAB462D3547DEAC99; };
		A2702E3948B9D706AF6EA86B = { isa = PBXBuildFile; fileRef = E2323D6CFA1983947483C21E; };
		5338129A7A1A25D533985D03 = { isa = PBXBuildFile; fileRef = 2DE9821B54711EEB03CC38C1; };
		93F383D906EB6E19AA49B678 = { isa = PBXBuildFile; fileRef = 0950629ED9A722E425CEB2ED; };
		3562C6FA5E3AAEA197B19FFE = { isa = PBXBuildFile; fileRef = CD76EEF9C496192090CC78E3; };
		41F9D68B3AF564B9B196D3F9 = { isa = PBXBuildFile; fileRef = 169DB7F5D1728C5474AFFB23; };
		4D9FE72C06B13BC2EC7B1704 = { isa = PBXBuildFile; fileRef = 5FB480E0EE6D0F7758937F62; };
		5926F7BDE27C01CA16405C0F = { isa = PBXBuildFile; fileRef = A9EA59ECFA48719A2B7602B2; };
		4D98E37D4D0F1493FF614905 = { isa = PBXFileReference; lastKnownFileType = wrapper.framework; name = Cocoa.framework; path = System/Library/Frameworks/Cocoa.framework; sourceTree = SDKROOT; };
		8CEE5373F330452FC0A00499 = { isa = PBXFileReference; lastKnownFileType = wrapper.framework; name = Carbon.framework; path = System/Library/Frameworks/Carbon.framework; sourceTree = SDKROOT; };
		4E4976F6552886C2FCD8A6D5 = { isa = PBXFileReference; lastKnownFileType = wrapper.framework; name = IOKit.framework; path = System/Library/Frameworks/IOKit.framework; sourceTree = SDKROOT; };
		FDA5760EDF6182DF59266C69 = { isa = PBXFileReference; lastKnownFileType = wrapper.framework; name = CoreAudio.framework; path = System/Library/Frameworks/CoreAudio.framework; sourceTree = SDKROOT; };
		247FB4F6556D1D5F5AE63502 = { isa = PBXFileReference; lastKnownFileType = wrapper.framework; name = CoreMIDI.framework; path = System/Library/Frameworks/CoreMIDI.framework; sourceTree = SDKROOT; };
		BD4B9E6F3FE82F6340BCB84F = { isa = PBXFileReference; lastKnownFileType = wrapper.framework; name = WebKit.framework; path = System/Library/Frameworks/WebKit.framework; sourceTree = SDKROOT; };
		EEDDE3406043D1537F7829D9 = { isa = PBXFileReference; lastKnownFileType = wrapper.framework; name = DiscRecording.framework; path = System/Library/Frameworks/DiscRecording.framework; sourceTree = SDKROOT; };
		A759866C5CDCCB788D992D0E = { isa = PBXFileReference; lastKnownFileType = wrapper.framework; name = OpenGL.framework; path = System/Library/Frameworks/OpenGL.framework; sourceTree = SDKROOT; };
		5C07ABB9974B84F79C7977A6 = { isa = PBXFileReference; lastKnownFileType = wrapper.framework; name = QuartzCore.framework; path = System/Library/Frameworks/QuartzCore.framework; sourceTree = SDKROOT; };
		509F12D5547DE040C3A88A66 = { isa = PBXFileReference; lastKnownFileType = wrapper.framework; name = QTKit.framework; path = System/Library/Frameworks/QTKit.framework; sourceTree = SDKROOT; };
		03245B4936F49E95F05A22C2 = { isa = PBXFileReference; lastKnownFileType = wrapper.framework; name = QuickTime.framework; path = System/Library/Frameworks/QuickTime.framework; sourceTree = SDKROOT; };
		4B2AA21D37BAFBA9FAFA0168 = { isa = PBXFileReference; explicitFileType = wrapper.application; includeInIndex = 0; path = MUSHRATest.app; sourceTree = "BUILT_PRODUCTS_DIR"; };
		2D0E001F78E135A8CB88B5E6 = { isa = PBXFileReference; lastKnownFileType = text.plist.xml; name = Info.plist; path = Info.plist; sourceTree = "SOURCE_ROOT"; };
		6D4FE1C77F6FA3B7A6C747B4 = { isa = PBXFileReference; lastKnownFileType = file.icns; name = Icon.icns; path = Icon.icns; sourceTree = "SOURCE_ROOT"; };
		CA208B6BEC92349F5EF8B0FC = { isa = PBXFileReference; lastKnownFileType = image.png; name = MushraTest.png; path = ../MushraTest.png; sourceTree = "SOURCE_ROOT"; };
		5A32E266070655F3CD324F4F = { isa = PBXFileReference; lastKnownFileType = sourcecode.cpp.cpp; name = DialogWinComponent.cpp; path = ../../Source/DialogWinComponent.cpp; sourceTree = "SOURCE_ROOT"; };
		0E201A52879477DBE98A48E4 = { isa = PBXFileReference; lastKnownFileType = sourcecode.c.h; name = DialogWinComponent.h; path = ../../Source/DialogWinComponent.h; sourceTree = "SOURCE_ROOT"; };
		05AB85B5746FF35E7AD65BD0 = { isa = PBXFileReference; lastKnownFileType = sourcecode.c.h; name = guisettings.h; path = ../../Source/guisettings.h; sourceTree = "SOURCE_ROOT"; };
		6CC87C320FFEAFEE3105D3D0 = { isa = PBXFileReference; lastKnownFileType = sourcecode.cpp.cpp; name = Main.cpp; path = ../../Source/Main.cpp; sourceTree = "SOURCE_ROOT"; };
		29F5DF239CF1BBA9C7D3B3B7 = { isa = PBXFileReference; lastKnownFileType = sourcecode.cpp.cpp; name = MushraAudioPlayer.cpp; path = ../../Source/MushraAudioPlayer.cpp; sourceTree = "SOURCE_ROOT"; };
		FA015C77EDC3DC88FB273385 = { isa = PBXFileReference; lastKnownFileType = sourcecode.c.h; name = MushraAudioPlayer.h; path = ../../Source/MushraAudioPlayer.h; sourceTree = "SOURCE_ROOT"; };
		28B480D8C0B3E47306BCF0CF = { isa = PBXFileReference; lastKnownFileType = sourcecode.cpp.cpp; name = MushraMainComponent.cpp; path = ../../Source/MushraMainComponent.cpp; sourceTree = "SOURCE_ROOT"; };
		5900B3569F1C966FB91AD2BE = { isa = PBXFileReference; lastKnownFileType = sourcecode.c.h; name = MushraMainComponent.h; path = ../../Source/MushraMainComponent.h; sourceTree = "SOURCE_ROOT"; };
		D99CCE17E86B187275A90040 = { isa = PBXFileReference; lastKnownFileType = sourcecode.c.h; name = stdafx.h; path = ../../Source/stdafx.h; sourceTree = "SOURCE_ROOT"; };
		09F560364A06CFACBD9BFC00 = { isa = PBXFileReference; lastKnownFileType = sourcecode.cpp.cpp; name = SubjectIDComponent.cpp; path = ../../Source/SubjectIDComponent.cpp; sourceTree = "SOURCE_ROOT"; };
		1FAFB29BBE8DA31C3A355947 = { isa = PBXFileReference; lastKnownFileType = sourcecode.c.h; name = SubjectIDComponent.h; path = ../../Source/SubjectIDComponent.h; sourceTree = "SOURCE_ROOT"; };
		C7D30FAAD2E16E823FF88E5D = { isa = PBXFileReference; lastKnownFileType = sourcecode.c.h; name = targetver.h; path = ../../Source/targetver.h; sourceTree = "SOURCE_ROOT"; };
		2A08623AAB462D3547DEAC99 = { isa = PBXFileReference; lastKnownFileType = sourcecode.cpp.cpp; name = TestLauncher.cpp; path = ../../Source/TestLauncher.cpp; sourceTree = "SOURCE_ROOT"; };
		0D859817C66D320ED0216CD1 = { isa = PBXFileReference; lastKnownFileType = sourcecode.c.h; name = TestLauncher.h; path = ../../Source/TestLauncher.h; sourceTree = "SOURCE_ROOT"; };
		E2323D6CFA1983947483C21E = { isa = PBXFileReference; lastKnownFileType = sourcecode.cpp.cpp; name = TrainingComponent.cpp; path = ../../Source/TrainingComponent.cpp; sourceTree = "SOURCE_ROOT"; };
		020813FBEAE1288C3668C158 = { isa = PBXFileReference; lastKnownFileType = sourcecode.c.h; name = TrainingComponent.h; path = ../../Source/TrainingComponent.h; sourceTree = "SOURCE_ROOT"; };
		2DE9821B54711EEB03CC38C1 = { isa = PBXFileReference; lastKnownFileType = sourcecode.cpp.cpp; name = ViewportComponent.cpp; path = ../../Source/ViewportComponent.cpp; sourceTree = "SOURCE_ROOT"; };
		5C8F5B7C8FC257DEE5EA85A3 = { isa = PBXFileReference; lastKnownFileType = sourcecode.c.h; name = ViewportComponent.h; path = ../../Source/ViewportComponent.h; sourceTree = "SOURCE_ROOT"; };
		F198C69A66B011B2DBE0B427 = { isa = PBXFileReference; lastKnownFileType = sourcecode.c.h; name = AppConfig.h; path = ../../JuceLibraryCode/AppConfig.h; sourceTree = "SOURCE_ROOT"; };
		B8149D46697A36123FFC2886 = { isa = PBXFileReference; lastKnownFileType = sourcecode.c.h; name = JuceHeader.h; path = ../../JuceLibraryCode/JuceHeader.h; sourceTree = "SOURCE_ROOT"; };
		0950629ED9A722E425CEB2ED = { isa = PBXFileReference; lastKnownFileType = sourcecode.cpp.cpp; name = BinaryData.cpp; path = ../../JuceLibraryCode/BinaryData.cpp; sourceTree = "SOURCE_ROOT"; };
		EFEFDF350C8C5BD99CCE17E8 = { isa = PBXFileReference; lastKnownFileType = sourcecode.c.h; name = BinaryData.h; path = ../../JuceLibraryCode/BinaryData.h; sourceTree = "SOURCE_ROOT"; };
		CD76EEF9C496192090CC78E3 = { isa = PBXFileReference; lastKnownFileType = sourcecode.cpp.objcpp; name = JuceLibraryCode1.mm; path = ../../JuceLibraryCode/JuceLibraryCode1.mm; sourceTree = "SOURCE_ROOT"; };
		169DB7F5D1728C5474AFFB23 = { isa = PBXFileReference; lastKnownFileType = sourcecode.cpp.objcpp; name = JuceLibraryCode2.mm; path = ../../JuceLibraryCode/JuceLibraryCode2.mm; sourceTree = "SOURCE_ROOT"; };
		5FB480E0EE6D0F7758937F62 = { isa = PBXFileReference; lastKnownFileType = sourcecode.cpp.objcpp; name = JuceLibraryCode3.mm; path = ../../JuceLibraryCode/JuceLibraryCode3.mm; sourceTree = "SOURCE_ROOT"; };
		A9EA59ECFA48719A2B7602B2 = { isa = PBXFileReference; lastKnownFileType = sourcecode.cpp.objcpp; name = JuceLibraryCode4.mm; path = ../../JuceLibraryCode/JuceLibraryCode4.mm; sourceTree = "SOURCE_ROOT"; };
		C9E6AF55B82539452BCDE50F = { isa = PBXGroup; children = (
				CA208B6BEC92349F5EF8B0FC ); name = BinResources; sourceTree = "<group>"; };
		16AFDFF1E53EB9774F4F382D = { isa = PBXGroup; children = (
				5A32E266070655F3CD324F4F,
				0E201A52879477DBE98A48E4,
				05AB85B5746FF35E7AD65BD0,
				6CC87C320FFEAFEE3105D3D0,
				29F5DF239CF1BBA9C7D3B3B7,
				FA015C77EDC3DC88FB273385,
				28B480D8C0B3E47306BCF0CF,
				5900B3569F1C966FB91AD2BE,
				D99CCE17E86B187275A90040,
				09F560364A06CFACBD9BFC00,
				1FAFB29BBE8DA31C3A355947,
				C7D30FAAD2E16E823FF88E5D,
				2A08623AAB462D3547DEAC99,
				0D859817C66D320ED0216CD1,
				E2323D6CFA1983947483C21E,
				020813FBEAE1288C3668C158,
				2DE9821B54711EEB03CC38C1,
				5C8F5B7C8FC257DEE5EA85A3 ); name = Source; sourceTree = "<group>"; };
		6F8F8AFC2FB13AFDE5642947 = { isa = PBXGroup; children = (
				F198C69A66B011B2DBE0B427,
				B8149D46697A36123FFC2886,
				0950629ED9A722E425CEB2ED,
				EFEFDF350C8C5BD99CCE17E8,
				CD76EEF9C496192090CC78E3,
				169DB7F5D1728C5474AFFB23,
				5FB480E0EE6D0F7758937F62,
				A9EA59ECFA48719A2B7602B2 ); name = "Juce Library Code"; sourceTree = "<group>"; };
		23FDFAD0832D6F3AB6791E69 = { isa = PBXGroup; children = (
				2D0E001F78E135A8CB88B5E6,
				6D4FE1C77F6FA3B7A6C747B4 ); name = Resources; sourceTree = "<group>"; };
		37ACB0A55A96012326C6D9CA = { isa = PBXGroup; children = (
				4D98E37D4D0F1493FF614905,
				8CEE5373F330452FC0A00499,
				4E4976F6552886C2FCD8A6D5,
				FDA5760EDF6182DF59266C69,
				247FB4F6556D1D5F5AE63502,
				BD4B9E6F3FE82F6340BCB84F,
				EEDDE3406043D1537F7829D9,
				A759866C5CDCCB788D992D0E,
				5C07ABB9974B84F79C7977A6,
				509F12D5547DE040C3A88A66,
				03245B4936F49E95F05A22C2 ); name = Frameworks; sourceTree = "<group>"; };
		42B18D21B8C67C6A00CB2D26 = { isa = PBXGroup; children = (
				4B2AA21D37BAFBA9FAFA0168 ); name = Products; sourceTree = "<group>"; };
		53EF2C87690BE19989CDD1C0 = { isa = PBXGroup; children = (
				C9E6AF55B82539452BCDE50F,
				16AFDFF1E53EB9774F4F382D,
				6F8F8AFC2FB13AFDE5642947,
				23FDFAD0832D6F3AB6791E69,
				37ACB0A55A96012326C6D9CA,
				42B18D21B8C67C6A00CB2D26 ); name = Source; sourceTree = "<group>"; };
		07CC543A4C39ECF81ACDACB7 = { isa = XCBuildConfiguration; buildSettings = {
				PREBINDING = NO;
				HEADER_SEARCH_PATHS = " $(inherited)";
				GCC_OPTIMIZATION_LEVEL = 0;
				INFOPLIST_FILE = Info.plist;
				INSTALL_PATH = "$(HOME)/Applications";
				MACOSX_DEPLOYMENT_TARGET_ppc = 10.4;
				ONLY_ACTIVE_ARCH = YES;
				COPY_PHASE_STRIP = NO;
				GCC_DYNAMIC_NO_PIC = NO;
				GCC_ENABLE_FIX_AND_CONTINUE = NO;
				GCC_PREPROCESSOR_DEFINITIONS = (
				"_DEBUG=1",
				"DEBUG=1",
				"JUCE_ObjCExtraSuffix=BoNRe7",
				"JUCER_XCODE_MAC_F6D2F4CF=1"); }; name = Debug; };
		A068EDAD679181E220192A8F = { isa = XCBuildConfiguration; buildSettings = {
				PREBINDING = NO;
				HEADER_SEARCH_PATHS = " $(inherited)";
				GCC_OPTIMIZATION_LEVEL = s;
				INFOPLIST_FILE = Info.plist;
				INSTALL_PATH = "$(HOME)/Applications";
				MACOSX_DEPLOYMENT_TARGET_ppc = 10.4;
				GCC_GENERATE_DEBUGGING_SYMBOLS = NO;
				GCC_SYMBOLS_PRIVATE_EXTERN = YES;
				GCC_PREPROCESSOR_DEFINITIONS = (
				"_NDEBUG=1",
				"NDEBUG=1",
				"JUCE_ObjCExtraSuffix=BoNRe7",
				"JUCER_XCODE_MAC_F6D2F4CF=1"); }; name = Release; };
		921AAC772C3BE1E139B8BF4C = { isa = XCBuildConfiguration; buildSettings = {
				ALWAYS_SEARCH_USER_PATHS = NO;
				GCC_C_LANGUAGE_STANDARD = c99;
				GCC_WARN_ABOUT_RETURN_TYPE = YES;
				GCC_WARN_CHECK_SWITCH_STATEMENTS = YES;
				GCC_WARN_UNUSED_VARIABLE = YES;
				GCC_WARN_MISSING_PARENTHESES = YES;
				GCC_WARN_NON_VIRTUAL_DESTRUCTOR = YES;
				GCC_WARN_TYPECHECK_CALLS_TO_PRINTF = YES;
				WARNING_CFLAGS = -Wreorder;
				GCC_MODEL_TUNING = G5;
				GCC_INLINES_ARE_PRIVATE_EXTERN = YES;
				ZERO_LINK = NO;
				DEBUG_INFORMATION_FORMAT = "dwarf";
				PRODUCT_NAME = "MUSHRATest"; }; name = Debug; };
		85915FD3F4E2F3665E97B15F = { isa = XCBuildConfiguration; buildSettings = {
				ALWAYS_SEARCH_USER_PATHS = NO;
				GCC_C_LANGUAGE_STANDARD = c99;
				GCC_WARN_ABOUT_RETURN_TYPE = YES;
				GCC_WARN_CHECK_SWITCH_STATEMENTS = YES;
				GCC_WARN_UNUSED_VARIABLE = YES;
				GCC_WARN_MISSING_PARENTHESES = YES;
				GCC_WARN_NON_VIRTUAL_DESTRUCTOR = YES;
				GCC_WARN_TYPECHECK_CALLS_TO_PRINTF = YES;
				WARNING_CFLAGS = -Wreorder;
				GCC_MODEL_TUNING = G5;
				GCC_INLINES_ARE_PRIVATE_EXTERN = YES;
				ZERO_LINK = NO;
				DEBUG_INFORMATION_FORMAT = "dwarf";
				PRODUCT_NAME = "MUSHRATest"; }; name = Release; };
		4D93079D98F617DCAB178C29 = { isa = XCConfigurationList; buildConfigurations = (
				921AAC772C3BE1E139B8BF4C,
				85915FD3F4E2F3665E97B15F ); defaultConfigurationIsVisible = 0; defaultConfigurationName = Debug; };
		E5C514D8786AC0244A17B11D = { isa = XCConfigurationList; buildConfigurations = (
				07CC543A4C39ECF81ACDACB7,
				A068EDAD679181E220192A8F ); defaultConfigurationIsVisible = 0; defaultConfigurationName = Debug; };
		B00425C1E1A1F4C6A86816D1 = { isa = PBXResourcesBuildPhase; buildActionMask = 2147483647; files = (
				E304EAE054853F7A0483844E ); runOnlyForDeploymentPostprocessing = 0; };
		9C9B222FA09D0E23127A5A8E = { isa = PBXSourcesBuildPhase; buildActionMask = 2147483647; files = (
				009FE97483A7408385F8C98D,
				3CF26F0D4C4AF7DB70AB077B,
				7D2E2D84ADEC07B25576C3E8,
				CB4EB82C00C8124D05ABF1E8,
				F381A264FFB3735F124DCC08,
				103721A3497746A0A3506F08,
				A2702E3948B9D706AF6EA86B,
				5338129A7A1A25D533985D03,
				93F383D906EB6E19AA49B678,
				3562C6FA5E3AAEA197B19FFE,
				41F9D68B3AF564B9B196D3F9,
				4D9FE72C06B13BC2EC7B1704,
				5926F7BDE27C01CA16405C0F ); runOnlyForDeploymentPostprocessing = 0; };
		41B042799989384B9B4C498F = { isa = PBXFrameworksBuildPhase; buildActionMask = 2147483647; files = (
				A4183AE5B363974A4E6A71EF,
				F03C054846CEF26A66E4125D,
				4B6977B181F1988CF7D59E35,
				8BEC10C6C8285DE561014508,
				0F8953B8300154CB34186B4F,
				1F6F86EB67620CA3080DD7B3,
				556BB236495F6D7DAE484F6B,
				D3B492F7F619EA6BBD3FDE6F,
				141C0F8953B8300154CB3418,
				DC0235F848F9474E83E75D63,
				679178695DEE8F66D5279ABD ); runOnlyForDeploymentPostprocessing = 0; };
		15DCAC8C3E0C5D69DCD7C54D = { isa = PBXNativeTarget; buildConfigurationList = E5C514D8786AC0244A17B11D; buildPhases = (
				B00425C1E1A1F4C6A86816D1,
				9C9B222FA09D0E23127A5A8E,
				41B042799989384B9B4C498F ); buildRules = ( ); dependencies = ( ); name = MUSHRATest; productName = MUSHRATest; productReference = 4B2AA21D37BAFBA9FAFA0168; productInstallPath = "$(HOME)/Applications"; productType = "com.apple.product-type.application"; };
		00763ED52F227B5A37DCEA94 = { isa = PBXProject; buildConfigurationList = 4D93079D98F617DCAB178C29; compatibilityVersion = "Xcode 3.1"; hasScannedForEncodings = 0; mainGroup = 53EF2C87690BE19989CDD1C0; projectDirPath = ""; projectRoot = ""; targets = ( 15DCAC8C3E0C5D69DCD7C54D ); };
	};
	rootObject = 00763ED52F227B5A37DCEA94;
}
